
Microsoft Visual Studio Solution File, Format Version 12.00
# Visual Studio Version 16
VisualStudioVersion = 16.0.30114.105
MinimumVisualStudioVersion = 10.0.40219.1
Project("{8BC9CEB8-8B4A-11D0-8D11-00A0C91BC942}") = "Tamagotchi", "Tamagotchi\Tamagotchi.vcxproj", "{5FAF403A-D60D-470A-B9F9-D8763C07978A}"
EndProject
Global
	GlobalSection(SolutionConfigurationPlatforms) = preSolution
		Debug|x64 = Debug|x64
		Debug|x86 = Debug|x86
		Release|x64 = Release|x64
		Release|x86 = Release|x86
	EndGlobalSection
	GlobalSection(ProjectConfigurationPlatforms) = postSolution
		{5FAF403A-D60D-470A-B9F9-D8763C07978A}.Debug|x64.ActiveCfg = Debug|x64
		{5FAF403A-D60D-470A-B9F9-D8763C07978A}.Debug|x64.Build.0 = Debug|x64
		{5FAF403A-D60D-470A-B9F9-D8763C07978A}.Debug|x86.ActiveCfg = Debug|Win32
		{5FAF403A-D60D-470A-B9F9-D8763C07978A}.Debug|x86.Build.0 = Debug|Win32
		{5FAF403A-D60D-470A-B9F9-D8763C07978A}.Release|x64.ActiveCfg = Release|x64
		{5FAF403A-D60D-470A-B9F9-D8763C07978A}.Release|x64.Build.0 = Release|x64
		{5FAF403A-D60D-470A-B9F9-D8763C07978A}.Release|x86.ActiveCfg = Release|Win32
		{5FAF403A-D60D-470A-B9F9-D8763C07978A}.Release|x86.Build.0 = Release|Win32
	EndGlobalSection
	GlobalSection(SolutionProperties) = preSolution
		HideSolutionNode = FALSE
	EndGlobalSection
	GlobalSection(ExtensibilityGlobals) = postSolution
		SolutionGuid = {301376FE-4B75-43D4-94E2-F8A9B965DFA1}
	EndGlobalSection
EndGlobal
